
Microsoft Visual Studio Solution File, Format Version 12.00
# Visual Studio 15
VisualStudioVersion = 15.0.27130.2010
MinimumVisualStudioVersion = 10.0.40219.1
Project("{FAE04EC0-301F-11D3-BF4B-00C04F79EFBC}") = "ExcelConversionApp", "ExcelConversionApp\ExcelConversionApp.csproj", "{078515A6-44C2-441F-9820-7E6859EF7E66}"
EndProject
Global
	GlobalSection(SolutionConfigurationPlatforms) = preSolution
		Debug|Any CPU = Debug|Any CPU
		Release|Any CPU = Release|Any CPU
	EndGlobalSection
	GlobalSection(ProjectConfigurationPlatforms) = postSolution
		{078515A6-44C2-441F-9820-7E6859EF7E66}.Debug|Any CPU.ActiveCfg = Debug|Any CPU
		{078515A6-44C2-441F-9820-7E6859EF7E66}.Debug|Any CPU.Build.0 = Debug|Any CPU
		{078515A6-44C2-441F-9820-7E6859EF7E66}.Release|Any CPU.ActiveCfg = Release|Any CPU
		{078515A6-44C2-441F-9820-7E6859EF7E66}.Release|Any CPU.Build.0 = Release|Any CPU
	EndGlobalSection
	GlobalSection(SolutionProperties) = preSolution
		HideSolutionNode = FALSE
	EndGlobalSection
	GlobalSection(ExtensibilityGlobals) = postSolution
		SolutionGuid = {BCBFD07B-B4D7-4E3C-997F-F7CE2CD32F04}
	EndGlobalSection
EndGlobal
